// !$*UTF8*$!
{
	archiveVersion = 1;
	classes = {
	};
	objectVersion = 56;
	objects = {

/* Begin PBXBuildFile section */
		DEAD000100000011CAFEBABE /* AppDelegate.swift in Sources */ = {isa = PBXBuildFile; fileRef = DEAD000100000001CAFEBABE /* AppDelegate.swift */; };
		DEAD000100000012CAFEBABE /* GameViewController.swift in Sources */ = {isa = PBXBuildFile; fileRef = DEAD000100000002CAFEBABE /* GameViewController.swift */; };
		DEAD000100000013CAFEBABE /* GameScene.swift in Sources */ = {isa = PBXBuildFile; fileRef = DEAD000100000003CAFEBABE /* GameScene.swift */; };
		DEAD000100000014CAFEBABE /* CharacterNode.swift in Sources */ = {isa = PBXBuildFile; fileRef = DEAD000100000004CAFEBABE /* CharacterNode.swift */; };
		DEAD000100000015CAFEBABE /* JoystickNode.swift in Sources */ = {isa = PBXBuildFile; fileRef = DEAD000100000005CAFEBABE /* JoystickNode.swift */; };
		DEAD000100000016CAFEBABE /* Assets.xcassets in Resources */ = {isa = PBXBuildFile; fileRef = DEAD000100000006CAFEBABE /* Assets.xcassets */; };
		DEAD00010000001ACAFEBABE /* CityMap.swift in Sources */ = {isa = PBXBuildFile; fileRef = DEAD00010000000ACAFEBABE /* CityMap.swift */; };
		DEAD00010000001BCAFEBABE /* CopNode.swift in Sources */ = {isa = PBXBuildFile; fileRef = DEAD00010000000BCAFEBABE /* CopNode.swift */; };
		DEAD00010000001CCAFEBABE /* BulletNode.swift in Sources */ = {isa = PBXBuildFile; fileRef = DEAD00010000000CCAFEBABE /* BulletNode.swift */; };
		DEAD00010000001DCAFEBABE /* EvolutionPanelNode.swift in Sources */ = {isa = PBXBuildFile; fileRef = DEAD00010000000DCAFEBABE /* EvolutionPanelNode.swift */; };
		DEAD00010000001ECAFEBABE /* SoldierNode.swift in Sources */ = {isa = PBXBuildFile; fileRef = DEAD00010000000ECAFEBABE /* SoldierNode.swift */; };
		DEAD00010000001FCAFEBABE /* ZombieTypeData.swift in Sources */ = {isa = PBXBuildFile; fileRef = DEAD00010000000FCAFEBABE /* ZombieTypeData.swift */; };
		DEAD000100000020CAFEBABE /* TankNode.swift in Sources */ = {isa = PBXBuildFile; fileRef = DEAD000100000010CAFEBABE /* TankNode.swift */; };
/* End PBXBuildFile section */

/* Begin PBXFileReference section */
		DEAD000100000001CAFEBABE /* AppDelegate.swift */ = {isa = PBXFileReference; lastKnownFileType = sourcecode.swift; path = AppDelegate.swift; sourceTree = "<group>"; };
		DEAD000100000002CAFEBABE /* GameViewController.swift */ = {isa = PBXFileReference; lastKnownFileType = sourcecode.swift; path = GameViewController.swift; sourceTree = "<group>"; };
		DEAD000100000003CAFEBABE /* GameScene.swift */ = {isa = PBXFileReference; lastKnownFileType = sourcecode.swift; path = GameScene.swift; sourceTree = "<group>"; };
		DEAD000100000004CAFEBABE /* CharacterNode.swift */ = {isa = PBXFileReference; lastKnownFileType = sourcecode.swift; path = CharacterNode.swift; sourceTree = "<group>"; };
		DEAD000100000005CAFEBABE /* JoystickNode.swift */ = {isa = PBXFileReference; lastKnownFileType = sourcecode.swift; path = JoystickNode.swift; sourceTree = "<group>"; };
		DEAD000100000006CAFEBABE /* Assets.xcassets */ = {isa = PBXFileReference; lastKnownFileType = folder.assetcatalog; path = Assets.xcassets; sourceTree = "<group>"; };
		DEAD000100000008CAFEBABE /* Info.plist */ = {isa = PBXFileReference; lastKnownFileType = text.plist.xml; path = Info.plist; sourceTree = "<group>"; };
		DEAD000100000009CAFEBABE /* ZombieGame.app */ = {isa = PBXFileReference; explicitFileType = wrapper.application; includeInIndex = 0; path = ZombieGame.app; sourceTree = BUILT_PRODUCTS_DIR; };
		DEAD00010000000ACAFEBABE /* CityMap.swift */ = {isa = PBXFileReference; lastKnownFileType = sourcecode.swift; path = CityMap.swift; sourceTree = "<group>"; };
		DEAD00010000000BCAFEBABE /* CopNode.swift */ = {isa = PBXFileReference; lastKnownFileType = sourcecode.swift; path = CopNode.swift; sourceTree = "<group>"; };
		DEAD00010000000CCAFEBABE /* BulletNode.swift */ = {isa = PBXFileReference; lastKnownFileType = sourcecode.swift; path = BulletNode.swift; sourceTree = "<group>"; };
		DEAD00010000000DCAFEBABE /* EvolutionPanelNode.swift */ = {isa = PBXFileReference; lastKnownFileType = sourcecode.swift; path = EvolutionPanelNode.swift; sourceTree = "<group>"; };
		DEAD00010000000ECAFEBABE /* SoldierNode.swift */ = {isa = PBXFileReference; lastKnownFileType = sourcecode.swift; path = SoldierNode.swift; sourceTree = "<group>"; };
		DEAD00010000000FCAFEBABE /* ZombieTypeData.swift */ = {isa = PBXFileReference; lastKnownFileType = sourcecode.swift; path = ZombieTypeData.swift; sourceTree = "<group>"; };
		DEAD000100000010CAFEBABE /* TankNode.swift */ = {isa = PBXFileReference; lastKnownFileType = sourcecode.swift; path = TankNode.swift; sourceTree = "<group>"; };
/* End PBXFileReference section */

/* Begin PBXFrameworksBuildPhase section */
		DEAD000100000021CAFEBABE /* Frameworks */ = {
			isa = PBXFrameworksBuildPhase;
			buildActionMask = 2147483647;
			files = (
			);
			runOnlyForDeploymentPostprocessing = 0;
		};
/* End PBXFrameworksBuildPhase section */

/* Begin PBXGroup section */
		DEAD000100000031CAFEBABE /* ZombieGame */ = {
			isa = PBXGroup;
			children = (
				DEAD000100000001CAFEBABE /* AppDelegate.swift */,
				DEAD000100000002CAFEBABE /* GameViewController.swift */,
				DEAD000100000003CAFEBABE /* GameScene.swift */,
				DEAD000100000004CAFEBABE /* CharacterNode.swift */,
				DEAD000100000005CAFEBABE /* JoystickNode.swift */,
				DEAD00010000000ACAFEBABE /* CityMap.swift */,
				DEAD00010000000BCAFEBABE /* CopNode.swift */,
				DEAD00010000000CCAFEBABE /* BulletNode.swift */,
				DEAD00010000000DCAFEBABE /* EvolutionPanelNode.swift */,
				DEAD00010000000ECAFEBABE /* SoldierNode.swift */,
				DEAD00010000000FCAFEBABE /* ZombieTypeData.swift */,
				DEAD000100000010CAFEBABE /* TankNode.swift */,
				DEAD000100000006CAFEBABE /* Assets.xcassets */,
				DEAD000100000008CAFEBABE /* Info.plist */,
			);
			path = ZombieGame;
			sourceTree = "<group>";
		};
		DEAD000100000032CAFEBABE /* Products */ = {
			isa = PBXGroup;
			children = (
				DEAD000100000009CAFEBABE /* ZombieGame.app */,
			);
			name = Products;
			sourceTree = "<group>";
		};
		DEAD000100000033CAFEBABE = {
			isa = PBXGroup;
			children = (
				DEAD000100000031CAFEBABE /* ZombieGame */,
				DEAD000100000032CAFEBABE /* Products */,
			);
			sourceTree = "<group>";
		};
/* End PBXGroup section */

/* Begin PBXNativeTarget section */
		DEAD000100000041CAFEBABE /* ZombieGame */ = {
			isa = PBXNativeTarget;
			buildConfigurationList = DEAD000100000051CAFEBABE /* Build configuration list for PBXNativeTarget "ZombieGame" */;
			buildPhases = (
				DEAD000100000022CAFEBABE /* Sources */,
				DEAD000100000021CAFEBABE /* Frameworks */,
				DEAD000100000023CAFEBABE /* Resources */,
			);
			buildRules = (
			);
			dependencies = (
			);
			name = ZombieGame;
			productName = ZombieGame;
			productReference = DEAD000100000009CAFEBABE /* ZombieGame.app */;
			productType = "com.apple.product-type.application";
		};
/* End PBXNativeTarget section */

/* Begin PBXProject section */
		DEAD000100000061CAFEBABE /* Project object */ = {
			isa = PBXProject;
			attributes = {
				BuildIndependentTargetsInParallel = 1;
				LastSwiftUpdateCheck = 1500;
				LastUpgradeCheck = 1500;
				TargetAttributes = {
					DEAD000100000041CAFEBABE = {
						CreatedOnToolsVersion = 15.0;
					};
				};
			};
			buildConfigurationList = DEAD000100000052CAFEBABE /* Build configuration list for PBXProject "ZombieGame" */;
			compatibilityVersion = "Xcode 14.0";
			developmentRegion = en;
			hasScannedForEncodings = 0;
			knownRegions = (
				en,
				Base,
			);
			mainGroup = DEAD000100000033CAFEBABE;
			productRefGroup = DEAD000100000032CAFEBABE /* Products */;
			projectDirPath = "";
			projectRoot = "";
			targets = (
				DEAD000100000041CAFEBABE /* ZombieGame */,
			);
		};
/* End PBXProject section */

/* Begin PBXResourcesBuildPhase section */
		DEAD000100000023CAFEBABE /* Resources */ = {
			isa = PBXResourcesBuildPhase;
			buildActionMask = 2147483647;
			files = (
				DEAD000100000016CAFEBABE /* Assets.xcassets in Resources */,
			);
			runOnlyForDeploymentPostprocessing = 0;
		};
/* End PBXResourcesBuildPhase section */

/* Begin PBXSourcesBuildPhase section */
		DEAD000100000022CAFEBABE /* Sources */ = {
			isa = PBXSourcesBuildPhase;
			buildActionMask = 2147483647;
			files = (
				DEAD000100000011CAFEBABE /* AppDelegate.swift in Sources */,
				DEAD000100000012CAFEBABE /* GameViewController.swift in Sources */,
				DEAD000100000013CAFEBABE /* GameScene.swift in Sources */,
				DEAD000100000014CAFEBABE /* CharacterNode.swift in Sources */,
				DEAD000100000015CAFEBABE /* JoystickNode.swift in Sources */,
				DEAD00010000001ACAFEBABE /* CityMap.swift in Sources */,
				DEAD00010000001BCAFEBABE /* CopNode.swift in Sources */,
				DEAD00010000001CCAFEBABE /* BulletNode.swift in Sources */,
				DEAD00010000001DCAFEBABE /* EvolutionPanelNode.swift in Sources */,
				DEAD00010000001ECAFEBABE /* SoldierNode.swift in Sources */,
				DEAD00010000001FCAFEBABE /* ZombieTypeData.swift in Sources */,
				DEAD000100000020CAFEBABE /* TankNode.swift in Sources */,
			);
			runOnlyForDeploymentPostprocessing = 0;
		};
/* End PBXSourcesBuildPhase section */

/* Begin XCBuildConfiguration section */
		DEAD000100000071CAFEBABE /* Debug */ = {
			isa = XCBuildConfiguration;
			buildSettings = {
				ALWAYS_SEARCH_USER_PATHS = NO;
				CLANG_ANALYZER_NONNULL = YES;
				CLANG_ANALYZER_NUMBER_OBJECT_CONVERSION = YES_AGGRESSIVE;
				CLANG_CXX_LANGUAGE_STANDARD = "gnu++20";
				CLANG_ENABLE_MODULES = YES;
				CLANG_ENABLE_OBJC_ARC = YES;
				CLANG_ENABLE_OBJC_WEAK = YES;
				CLANG_WARN_BLOCK_CAPTURE_AUTORELEASING = YES;
				CLANG_WARN_BOOL_CONVERSION = YES;
				CLANG_WARN_COMMA = YES;
				CLANG_WARN_CONSTANT_CONVERSION = YES;
				CLANG_WARN_DEPRECATED_OBJC_IMPLEMENTATIONS = YES;
				CLANG_WARN_DIRECT_OBJC_ISA_USAGE = YES_ERROR;
				CLANG_WARN_DOCUMENTATION_COMMENTS = YES;
				CLANG_WARN_EMPTY_BODY = YES;
				CLANG_WARN_ENUM_CONVERSION = YES;
				CLANG_WARN_INFINITE_LOOP = YES;
				CLANG_WARN_INT_CONVERSION = YES;
				CLANG_WARN_NON_LITERAL_NULL_CONVERSION = YES;
				CLANG_WARN_OBJC_IMPLICIT_RETAIN_SELF = YES;
				CLANG_WARN_OBJC_LITERAL_CONVERSION = YES;
				CLANG_WARN_OBJC_ROOT_CLASS = YES_ERROR;
				CLANG_WARN_QUOTED_INCLUDE_IN_FRAMEWORK_HEADER = YES;
				CLANG_WARN_RANGE_LOOP_ANALYSIS = YES;
				CLANG_WARN_STRICT_PROTOTYPES = YES;
				CLANG_WARN_SUSPICIOUS_MOVE = YES;
				CLANG_WARN_UNGUARDED_AVAILABILITY = YES_AGGRESSIVE;
				CLANG_WARN_UNREACHABLE_CODE = YES;
				CLANG_WARN__DUPLICATE_METHOD_MATCH = YES;
				COPY_PHASE_STRIP = NO;
				DEBUG_INFORMATION_FORMAT = dwarf;
				ENABLE_STRICT_OBJC_MSGSEND = YES;
				ENABLE_TESTABILITY = YES;
				GCC_C_LANGUAGE_STANDARD = gnu17;
				GCC_DYNAMIC_NO_PIC = NO;
				GCC_NO_COMMON_BLOCKS = YES;
				GCC_OPTIMIZATION_LEVEL = 0;
				GCC_PREPROCESSOR_DEFINITIONS = (
					"DEBUG=1",
					"$(inherited)",
				);
				GCC_WARN_64_TO_32_BIT_CONVERSION = YES;
				GCC_WARN_ABOUT_RETURN_TYPE = YES_ERROR;
				GCC_WARN_UNDECLARED_SELECTOR = YES;
				GCC_WARN_UNINITIALIZED_AUTOS = YES_AGGRESSIVE;
				GCC_WARN_UNUSED_FUNCTION = YES;
				GCC_WARN_UNUSED_VARIABLE = YES;
				IPHONEOS_DEPLOYMENT_TARGET = 15.0;
				MTL_ENABLE_DEBUG_INFO = INCLUDE_SOURCE;
				MTL_FAST_MATH = YES;
				ONLY_ACTIVE_ARCH = YES;
				SDKROOT = iphoneos;
				SWIFT_ACTIVE_COMPILATION_CONDITIONS = DEBUG;
				SWIFT_OPTIMIZATION_LEVEL = "-Onone";
			};
			name = Debug;
		};
		DEAD000100000072CAFEBABE /* Release */ = {
			isa = XCBuildConfiguration;
			buildSettings = {
				ALWAYS_SEARCH_USER_PATHS = NO;
				CLANG_ANALYZER_NONNULL = YES;
				CLANG_ANALYZER_NUMBER_OBJECT_CONVERSION = YES_AGGRESSIVE;
				CLANG_CXX_LANGUAGE_STANDARD = "gnu++20";
				CLANG_ENABLE_MODULES = YES;
				CLANG_ENABLE_OBJC_ARC = YES;
				CLANG_ENABLE_OBJC_WEAK = YES;
				CLANG_WARN_BLOCK_CAPTURE_AUTORELEASING = YES;
				CLANG_WARN_BOOL_CONVERSION = YES;
				CLANG_WARN_COMMA = YES;
				CLANG_WARN_CONSTANT_CONVERSION = YES;
				CLANG_WARN_DEPRECATED_OBJC_IMPLEMENTATIONS = YES;
				CLANG_WARN_DIRECT_OBJC_ISA_USAGE = YES_ERROR;
				CLANG_WARN_DOCUMENTATION_COMMENTS = YES;
				CLANG_WARN_EMPTY_BODY = YES;
				CLANG_WARN_ENUM_CONVERSION = YES;
				CLANG_WARN_INFINITE_LOOP = YES;
				CLANG_WARN_INT_CONVERSION = YES;
				CLANG_WARN_NON_LITERAL_NULL_CONVERSION = YES;
				CLANG_WARN_OBJC_IMPLICIT_RETAIN_SELF = YES;
				CLANG_WARN_OBJC_LITERAL_CONVERSION = YES;
				CLANG_WARN_OBJC_ROOT_CLASS = YES_ERROR;
				CLANG_WARN_QUOTED_INCLUDE_IN_FRAMEWORK_HEADER = YES;
				CLANG_WARN_RANGE_LOOP_ANALYSIS = YES;
				CLANG_WARN_STRICT_PROTOTYPES = YES;
				CLANG_WARN_SUSPICIOUS_MOVE = YES;
				CLANG_WARN_UNGUARDED_AVAILABILITY = YES_AGGRESSIVE;
				CLANG_WARN_UNREACHABLE_CODE = YES;
				CLANG_WARN__DUPLICATE_METHOD_MATCH = YES;
				COPY_PHASE_STRIP = NO;
				DEBUG_INFORMATION_FORMAT = "dwarf-with-dsym";
				ENABLE_NS_ASSERTIONS = NO;
				ENABLE_STRICT_OBJC_MSGSEND = YES;
				GCC_C_LANGUAGE_STANDARD = gnu17;
				GCC_NO_COMMON_BLOCKS = YES;
				GCC_WARN_64_TO_32_BIT_CONVERSION = YES;
				GCC_WARN_ABOUT_RETURN_TYPE = YES_ERROR;
				GCC_WARN_UNDECLARED_SELECTOR = YES;
				GCC_WARN_UNINITIALIZED_AUTOS = YES_AGGRESSIVE;
				GCC_WARN_UNUSED_FUNCTION = YES;
				GCC_WARN_UNUSED_VARIABLE = YES;
				IPHONEOS_DEPLOYMENT_TARGET = 15.0;
				MTL_FAST_MATH = YES;
				SDKROOT = iphoneos;
				SWIFT_COMPILATION_MODE = wholemodule;
				VALIDATE_PRODUCT = YES;
			};
			name = Release;
		};
		DEAD000100000073CAFEBABE /* Debug */ = {
			isa = XCBuildConfiguration;
			buildSettings = {
				ASSETCATALOG_COMPILER_APPICON_NAME = AppIcon;
				ASSETCATALOG_COMPILER_GLOBAL_ACCENT_COLOR_NAME = AccentColor;
				CODE_SIGN_STYLE = Automatic;
				CURRENT_PROJECT_VERSION = 1;
				DEVELOPMENT_TEAM = VASSKNJ7GB;
				GENERATE_INFOPLIST_FILE = NO;
				INFOPLIST_FILE = ZombieGame/Info.plist;
				IPHONEOS_DEPLOYMENT_TARGET = 15.0;
				LD_RUNPATH_SEARCH_PATHS = (
					"$(inherited)",
					"@executable_path/Frameworks",
				);
				MARKETING_VERSION = 1.0;
				PRODUCT_BUNDLE_IDENTIFIER = com.zombiegame.ZombieGame;
				PRODUCT_NAME = "$(TARGET_NAME)";
				SWIFT_EMIT_LOC_STRINGS = YES;
				SWIFT_VERSION = 5.0;
				TARGETED_DEVICE_FAMILY = "1,2";
			};
			name = Debug;
		};
		DEAD000100000074CAFEBABE /* Release */ = {
			isa = XCBuildConfiguration;
			buildSettings = {
				ASSETCATALOG_COMPILER_APPICON_NAME = AppIcon;
				ASSETCATALOG_COMPILER_GLOBAL_ACCENT_COLOR_NAME = AccentColor;
				CODE_SIGN_STYLE = Automatic;
				CURRENT_PROJECT_VERSION = 1;
				DEVELOPMENT_TEAM = VASSKNJ7GB;
				GENERATE_INFOPLIST_FILE = NO;
				INFOPLIST_FILE = ZombieGame/Info.plist;
				IPHONEOS_DEPLOYMENT_TARGET = 15.0;
				LD_RUNPATH_SEARCH_PATHS = (
					"$(inherited)",
					"@executable_path/Frameworks",
				);
				MARKETING_VERSION = 1.0;
				PRODUCT_BUNDLE_IDENTIFIER = com.zombiegame.ZombieGame;
				PRODUCT_NAME = "$(TARGET_NAME)";
				SWIFT_EMIT_LOC_STRINGS = YES;
				SWIFT_VERSION = 5.0;
				TARGETED_DEVICE_FAMILY = "1,2";
			};
			name = Release;
		};
/* End XCBuildConfiguration section */

/* Begin XCConfigurationList section */
		DEAD000100000051CAFEBABE /* Build configuration list for PBXNativeTarget "ZombieGame" */ = {
			isa = XCConfigurationList;
			buildConfigurations = (
				DEAD000100000073CAFEBABE /* Debug */,
				DEAD000100000074CAFEBABE /* Release */,
			);
			defaultConfigurationIsVisible = 0;
			defaultConfigurationName = Release;
		};
		DEAD000100000052CAFEBABE /* Build configuration list for PBXProject "ZombieGame" */ = {
			isa = XCConfigurationList;
			buildConfigurations = (
				DEAD000100000071CAFEBABE /* Debug */,
				DEAD000100000072CAFEBABE /* Release */,
			);
			defaultConfigurationIsVisible = 0;
			defaultConfigurationName = Release;
		};
/* End XCConfigurationList section */
	};
	rootObject = DEAD000100000061CAFEBABE /* Project object */;
}
